
Microsoft Visual Studio Solution File, Format Version 12.00
# Visual Studio Version 17
VisualStudioVersion = 17.11.35208.52
MinimumVisualStudioVersion = 10.0.40219.1
Project("{FAE04EC0-301F-11D3-BF4B-00C04F79EFBC}") = "Mahinay_InheritanceUserInput", "Mahinay_InheritenaceUserInput\Mahinay_InheritanceUserInput.csproj", "{A8CAE2E1-20A5-4E3F-81B6-D85F2B0A6653}"
EndProject
Global
	GlobalSection(SolutionConfigurationPlatforms) = preSolution
		Debug|Any CPU = Debug|Any CPU
		Release|Any CPU = Release|Any CPU
	EndGlobalSection
	GlobalSection(ProjectConfigurationPlatforms) = postSolution
		{A8CAE2E1-20A5-4E3F-81B6-D85F2B0A6653}.Debug|Any CPU.ActiveCfg = Debug|Any CPU
		{A8CAE2E1-20A5-4E3F-81B6-D85F2B0A6653}.Debug|Any CPU.Build.0 = Debug|Any CPU
		{A8CAE2E1-20A5-4E3F-81B6-D85F2B0A6653}.Release|Any CPU.ActiveCfg = Release|Any CPU
		{A8CAE2E1-20A5-4E3F-81B6-D85F2B0A6653}.Release|Any CPU.Build.0 = Release|Any CPU
	EndGlobalSection
	GlobalSection(SolutionProperties) = preSolution
		HideSolutionNode = FALSE
	EndGlobalSection
	GlobalSection(ExtensibilityGlobals) = postSolution
		SolutionGuid = {2BB940A2-71E9-4C63-A448-655E50FAFB13}
	EndGlobalSection
EndGlobal
